{
  "name": "atproto-oauth-client-cloudflare-workers",
  "version": "0.2.1",
  "lockfileVersion": 3,
  "requires": true,
  "packages": {
    "": {
      "name": "atproto-oauth-client-cloudflare-workers",
      "version": "0.2.1",
      "license": "MIT",
      "dependencies": {
        "@atproto-labs/fetch": "^0.2.3",
        "@atproto-labs/pipe": "^0.1.1",
        "@atproto-labs/simple-store": "^0.2.0",
        "@atproto-labs/simple-store-memory": "^0.1.3",
        "@atproto/did": "^0.1.5",
        "@atproto/jwk-jose": "^0.1.10",
        "@atproto/oauth-types": "^0.4.1",
        "multiformats": "^13.4.0",
        "zod": "^3.25.76"
      },
      "devDependencies": {
        "@types/node": "^24.3.0",
        "prettier": "^3.6.2",
        "typescript": "^5.6.0"
      }
    },
    "node_modules/@atproto-labs/fetch": {
      "version": "0.2.3",
      "resolved": "https://registry.npmjs.org/@atproto-labs/fetch/-/fetch-0.2.3.tgz",
      "integrity": "sha512-NZtbJOCbxKUFRFKMpamT38PUQMY0hX0p7TG5AEYOPhZKZEP7dHZ1K2s1aB8MdVH0qxmqX7nQleNrrvLf09Zfdw==",
      "license": "MIT",
      "dependencies": {
        "@atproto-labs/pipe": "0.1.1"
      }
    },
    "node_modules/@atproto-labs/pipe": {
      "version": "0.1.1",
      "resolved": "https://registry.npmjs.org/@atproto-labs/pipe/-/pipe-0.1.1.tgz",
      "integrity": "sha512-hdNw2oUs2B6BN1lp+32pF7cp8EMKuIN5Qok2Vvv/aOpG/3tNSJ9YkvfI0k6Zd188LeDDYRUpYpxcoFIcGH/FNg==",
      "license": "MIT"
    },
    "node_modules/@atproto-labs/simple-store": {
      "version": "0.2.0",
      "resolved": "https://registry.npmjs.org/@atproto-labs/simple-store/-/simple-store-0.2.0.tgz",
      "integrity": "sha512-0bRbAlI8Ayh03wRwncAMEAyUKtZ+AuTS1jgPrfym1WVOAOiottI/ZmgccqLl6w5MbxVcClNQF7WYGKvGwGoIhA==",
      "license": "MIT"
    },
    "node_modules/@atproto-labs/simple-store-memory": {
      "version": "0.1.3",
      "resolved": "https://registry.npmjs.org/@atproto-labs/simple-store-memory/-/simple-store-memory-0.1.3.tgz",
      "integrity": "sha512-jkitT9+AtU+0b28DoN92iURLaCt/q/q4yX8q6V+9LSwYlUTqKoj/5NFKvF7x6EBuG+gpUdlcycbH7e60gjOhRQ==",
      "license": "MIT",
      "dependencies": {
        "@atproto-labs/simple-store": "0.2.0",
        "lru-cache": "^10.2.0"
      }
    },
    "node_modules/@atproto/did": {
      "version": "0.1.5",
      "resolved": "https://registry.npmjs.org/@atproto/did/-/did-0.1.5.tgz",
      "integrity": "sha512-8+1D08QdGE5TF0bB0vV8HLVrVZJeLNITpRTUVEoABNMRaUS7CoYSVb0+JNQDeJIVmqMjOL8dOjvCUDkp3gEaGQ==",
      "license": "MIT",
      "dependencies": {
        "zod": "^3.23.8"
      }
    },
    "node_modules/@atproto/jwk": {
      "version": "0.5.0",
      "resolved": "https://registry.npmjs.org/@atproto/jwk/-/jwk-0.5.0.tgz",
      "integrity": "sha512-Qi2NtEqhkG+uz3CKia4+H05WMV/z//dz3ESo5+cyBKrOnxVTJ5ZubMyltWjoYvy6v/jLhorXdDWcjn07yky7MQ==",
      "license": "MIT",
      "dependencies": {
        "multiformats": "^9.9.0",
        "zod": "^3.23.8"
      }
    },
    "node_modules/@atproto/jwk-jose": {
      "version": "0.1.10",
      "resolved": "https://registry.npmjs.org/@atproto/jwk-jose/-/jwk-jose-0.1.10.tgz",
      "integrity": "sha512-Eiu/u4tZHz3IIhHZt0zneYEffSAO3Oqk/ToKwlu1TqKte6sjtPs/4uquSiAAGFYozqgo92JC/AQclWzzkHI5QQ==",
      "license": "MIT",
      "dependencies": {
        "@atproto/jwk": "0.5.0",
        "jose": "^5.2.0"
      }
    },
    "node_modules/@atproto/jwk/node_modules/multiformats": {
      "version": "9.9.0",
      "resolved": "https://registry.npmjs.org/multiformats/-/multiformats-9.9.0.tgz",
      "integrity": "sha512-HoMUjhH9T8DDBNT+6xzkrd9ga/XiBI4xLr58LJACwK6G3HTOPeMz4nB4KJs33L2BelrIJa7P0VuNaVF3hMYfjg==",
      "license": "(Apache-2.0 AND MIT)"
    },
    "node_modules/@atproto/oauth-types": {
      "version": "0.4.1",
      "resolved": "https://registry.npmjs.org/@atproto/oauth-types/-/oauth-types-0.4.1.tgz",
      "integrity": "sha512-c5ixf2ZOzcltOu1fDBnO/tok6Wj7JDDK66+Z0q/+bAr8LXgOnxP7zQfJ+DD4gTkB+saTqsqWtVv8qvx/IEtm1g==",
      "license": "MIT",
      "dependencies": {
        "@atproto/jwk": "0.5.0",
        "zod": "^3.23.8"
      }
    },
    "node_modules/@types/node": {
      "version": "24.3.0",
      "resolved": "https://registry.npmjs.org/@types/node/-/node-24.3.0.tgz",
      "integrity": "sha512-aPTXCrfwnDLj4VvXrm+UUCQjNEvJgNA8s5F1cvwQU+3KNltTOkBm1j30uNLyqqPNe7gE3KFzImYoZEfLhp4Yow==",
      "dev": true,
      "license": "MIT",
      "dependencies": {
        "undici-types": "~7.10.0"
      }
    },
    "node_modules/jose": {
      "version": "5.10.0",
      "resolved": "https://registry.npmjs.org/jose/-/jose-5.10.0.tgz",
      "integrity": "sha512-s+3Al/p9g32Iq+oqXxkW//7jk2Vig6FF1CFqzVXoTUXt2qz89YWbL+OwS17NFYEvxC35n0FKeGO2LGYSxeM2Gg==",
      "license": "MIT",
      "funding": {
        "url": "https://github.com/sponsors/panva"
      }
    },
    "node_modules/lru-cache": {
      "version": "10.4.3",
      "resolved": "https://registry.npmjs.org/lru-cache/-/lru-cache-10.4.3.tgz",
      "integrity": "sha512-JNAzZcXrCt42VGLuYz0zfAzDfAvJWW6AfYlDBQyDV5DClI2m5sAmK+OIO7s59XfsRsWHp02jAJrRadPRGTt6SQ==",
      "license": "ISC"
    },
    "node_modules/multiformats": {
      "version": "13.4.0",
      "resolved": "https://registry.npmjs.org/multiformats/-/multiformats-13.4.0.tgz",
      "integrity": "sha512-Mkb/QcclrJxKC+vrcIFl297h52QcKh2Az/9A5vbWytbQt4225UWWWmIuSsKksdww9NkIeYcA7DkfftyLuC/JSg==",
      "license": "Apache-2.0 OR MIT"
    },
    "node_modules/prettier": {
      "version": "3.6.2",
      "resolved": "https://registry.npmjs.org/prettier/-/prettier-3.6.2.tgz",
      "integrity": "sha512-I7AIg5boAr5R0FFtJ6rCfD+LFsWHp81dolrFD8S79U9tb8Az2nGrJncnMSnys+bpQJfRUzqs9hnA81OAA3hCuQ==",
      "dev": true,
      "license": "MIT",
      "bin": {
        "prettier": "bin/prettier.cjs"
      },
      "engines": {
        "node": ">=14"
      },
      "funding": {
        "url": "https://github.com/prettier/prettier?sponsor=1"
      }
    },
    "node_modules/typescript": {
      "version": "5.9.2",
      "resolved": "https://registry.npmjs.org/typescript/-/typescript-5.9.2.tgz",
      "integrity": "sha512-CWBzXQrc/qOkhidw1OzBTQuYRbfyxDXJMVJ1XNwUHGROVmuaeiEm3OslpZ1RV96d7SKKjZKrSJu3+t/xlw3R9A==",
      "dev": true,
      "license": "Apache-2.0",
      "bin": {
        "tsc": "bin/tsc",
        "tsserver": "bin/tsserver"
      },
      "engines": {
        "node": ">=14.17"
      }
    },
    "node_modules/undici-types": {
      "version": "7.10.0",
      "resolved": "https://registry.npmjs.org/undici-types/-/undici-types-7.10.0.tgz",
      "integrity": "sha512-t5Fy/nfn+14LuOc2KNYg75vZqClpAiqscVvMygNnlsHBFpSXdJaYtXMcdNLpl/Qvc3P2cB3s6lOV51nqsFq4ag==",
      "dev": true,
      "license": "MIT"
    },
    "node_modules/zod": {
      "version": "3.25.76",
      "resolved": "https://registry.npmjs.org/zod/-/zod-3.25.76.tgz",
      "integrity": "sha512-gzUt/qt81nXsFGKIFcC3YnfEAx5NkunCfnDlvuBSSFS02bcXu4Lmea0AFIUwbLWxWPx3d9p8S5QoaujKcNQxcQ==",
      "license": "MIT",
      "funding": {
        "url": "https://github.com/sponsors/colinhacks"
      }
    }
  }
}
